// !$*UTF8*$!
{
	archiveVersion = 1;
	classes = {
	};
	objectVersion = 46;
	objects = {

/* Begin PBXBuildFile section */
		9252B7F941BF8DD5A531093F /* Pods_Flickr.framework in Frameworks */ = {isa = PBXBuildFile; fileRef = 491F448ECF68A83812DC6DF2 /* Pods_Flickr.framework */; };
		B914BA871BE902D200D4740B /* SwiftyJSON.swift in Sources */ = {isa = PBXBuildFile; fileRef = B914BA861BE902D200D4740B /* SwiftyJSON.swift */; settings = {ASSET_TAGS = (); }; };
		CE4228741BBAF05900863D42 /* AppDelegate.swift in Sources */ = {isa = PBXBuildFile; fileRef = CE4228731BBAF05900863D42 /* AppDelegate.swift */; };
		CE4228761BBAF05900863D42 /* ViewController.swift in Sources */ = {isa = PBXBuildFile; fileRef = CE4228751BBAF05900863D42 /* ViewController.swift */; };
		CE4228791BBAF05900863D42 /* Main.storyboard in Resources */ = {isa = PBXBuildFile; fileRef = CE4228771BBAF05900863D42 /* Main.storyboard */; };
		CE42287B1BBAF05900863D42 /* Assets.xcassets in Resources */ = {isa = PBXBuildFile; fileRef = CE42287A1BBAF05900863D42 /* Assets.xcassets */; };
		CE42287E1BBAF05900863D42 /* LaunchScreen.storyboard in Resources */ = {isa = PBXBuildFile; fileRef = CE42287C1BBAF05900863D42 /* LaunchScreen.storyboard */; };
		CE4228891BBAF05900863D42 /* FlickrTests.swift in Sources */ = {isa = PBXBuildFile; fileRef = CE4228881BBAF05900863D42 /* FlickrTests.swift */; };
		CE4228941BBAF05900863D42 /* FlickrUITests.swift in Sources */ = {isa = PBXBuildFile; fileRef = CE4228931BBAF05900863D42 /* FlickrUITests.swift */; };
		CE4228A21BBAF07800863D42 /* ACAPI_WRAPPER.swift in Sources */ = {isa = PBXBuildFile; fileRef = CE4228A11BBAF07800863D42 /* ACAPI_WRAPPER.swift */; settings = {ASSET_TAGS = (); }; };
		CE4228A41BBAFC5C00863D42 /* ACFlickrFeedViewController.swift in Sources */ = {isa = PBXBuildFile; fileRef = CE4228A31BBAFC5C00863D42 /* ACFlickrFeedViewController.swift */; settings = {ASSET_TAGS = (); }; };
		CE4228A71BBB010100863D42 /* ACFlickrFeedCell.xib in Resources */ = {isa = PBXBuildFile; fileRef = CE4228A61BBB010100863D42 /* ACFlickrFeedCell.xib */; settings = {ASSET_TAGS = (); }; };
		CE4228A91BBB034E00863D42 /* ACFlickrFeedCell.swift in Sources */ = {isa = PBXBuildFile; fileRef = CE4228A81BBB034E00863D42 /* ACFlickrFeedCell.swift */; settings = {ASSET_TAGS = (); }; };
		CE59A3791BE1144F00FE6AC6 /* ACPushWindow.swift in Sources */ = {isa = PBXBuildFile; fileRef = CE59A3781BE1144F00FE6AC6 /* ACPushWindow.swift */; settings = {ASSET_TAGS = (); }; };
		CE6B66CC1BC4568400699348 /* ACPostManager.swift in Sources */ = {isa = PBXBuildFile; fileRef = CE6B66CB1BC4568400699348 /* ACPostManager.swift */; settings = {ASSET_TAGS = (); }; };
		CED476911BCD762300D66FC7 /* ACPost.swift in Sources */ = {isa = PBXBuildFile; fileRef = CED476901BCD762300D66FC7 /* ACPost.swift */; settings = {ASSET_TAGS = (); }; };
		CED476BB1BD6B7E300D66FC7 /* NSData+ImageDetectors.m in Sources */ = {isa = PBXBuildFile; fileRef = CED476991BD6B7E300D66FC7 /* NSData+ImageDetectors.m */; settings = {ASSET_TAGS = (); }; };
		CED476BC1BD6B7E300D66FC7 /* UIImage+DecodedImage.m in Sources */ = {isa = PBXBuildFile; fileRef = CED4769B1BD6B7E300D66FC7 /* UIImage+DecodedImage.m */; settings = {ASSET_TAGS = (); }; };
		CED476BD1BD6B7E300D66FC7 /* UIImage+WebP.m in Sources */ = {isa = PBXBuildFile; fileRef = CED4769D1BD6B7E300D66FC7 /* UIImage+WebP.m */; settings = {ASSET_TAGS = (); }; };
		CED476BE1BD6B7E300D66FC7 /* FLAnimatedImageView+PINRemoteImage.m in Sources */ = {isa = PBXBuildFile; fileRef = CED476A01BD6B7E300D66FC7 /* FLAnimatedImageView+PINRemoteImage.m */; settings = {ASSET_TAGS = (); }; };
		CED476BF1BD6B7E300D66FC7 /* UIButton+PINRemoteImage.m in Sources */ = {isa = PBXBuildFile; fileRef = CED476A21BD6B7E300D66FC7 /* UIButton+PINRemoteImage.m */; settings = {ASSET_TAGS = (); }; };
		CED476C01BD6B7E300D66FC7 /* UIImageView+PINRemoteImage.m in Sources */ = {isa = PBXBuildFile; fileRef = CED476A41BD6B7E300D66FC7 /* UIImageView+PINRemoteImage.m */; settings = {ASSET_TAGS = (); }; };
		CED476C11BD6B7E300D66FC7 /* PINDataTaskOperation.m in Sources */ = {isa = PBXBuildFile; fileRef = CED476A61BD6B7E300D66FC7 /* PINDataTaskOperation.m */; settings = {ASSET_TAGS = (); }; };
		CED476C21BD6B7E300D66FC7 /* PINProgressiveImage.m in Sources */ = {isa = PBXBuildFile; fileRef = CED476A81BD6B7E300D66FC7 /* PINProgressiveImage.m */; settings = {ASSET_TAGS = (); }; };
		CED476C31BD6B7E300D66FC7 /* PINRemoteImageCallbacks.m in Sources */ = {isa = PBXBuildFile; fileRef = CED476AB1BD6B7E300D66FC7 /* PINRemoteImageCallbacks.m */; settings = {ASSET_TAGS = (); }; };
		CED476C41BD6B7E300D66FC7 /* PINRemoteImageCategoryManager.m in Sources */ = {isa = PBXBuildFile; fileRef = CED476AD1BD6B7E300D66FC7 /* PINRemoteImageCategoryManager.m */; settings = {ASSET_TAGS = (); }; };
		CED476C51BD6B7E300D66FC7 /* PINRemoteImageDownloadTask.m in Sources */ = {isa = PBXBuildFile; fileRef = CED476AF1BD6B7E300D66FC7 /* PINRemoteImageDownloadTask.m */; settings = {ASSET_TAGS = (); }; };
		CED476C61BD6B7E300D66FC7 /* PINRemoteImageManager.m in Sources */ = {isa = PBXBuildFile; fileRef = CED476B11BD6B7E300D66FC7 /* PINRemoteImageManager.m */; settings = {ASSET_TAGS = (); }; };
		CED476C71BD6B7E300D66FC7 /* PINRemoteImageManagerResult.m in Sources */ = {isa = PBXBuildFile; fileRef = CED476B31BD6B7E300D66FC7 /* PINRemoteImageManagerResult.m */; settings = {ASSET_TAGS = (); }; };
		CED476C81BD6B7E300D66FC7 /* PINRemoteImageProcessorTask.m in Sources */ = {isa = PBXBuildFile; fileRef = CED476B51BD6B7E300D66FC7 /* PINRemoteImageProcessorTask.m */; settings = {ASSET_TAGS = (); }; };
		CED476C91BD6B7E300D66FC7 /* PINRemoteImageTask.m in Sources */ = {isa = PBXBuildFile; fileRef = CED476B71BD6B7E300D66FC7 /* PINRemoteImageTask.m */; settings = {ASSET_TAGS = (); }; };
		CED476CA1BD6B7E300D66FC7 /* PINURLSessionManager.m in Sources */ = {isa = PBXBuildFile; fileRef = CED476B91BD6B7E300D66FC7 /* PINURLSessionManager.m */; settings = {ASSET_TAGS = (); }; };
/* End PBXBuildFile section */

/* Begin PBXContainerItemProxy section */
		CE4228851BBAF05900863D42 /* PBXContainerItemProxy */ = {
			isa = PBXContainerItemProxy;
			containerPortal = CE4228681BBAF05900863D42 /* Project object */;
			proxyType = 1;
			remoteGlobalIDString = CE42286F1BBAF05900863D42;
			remoteInfo = Flickr;
		};
		CE4228901BBAF05900863D42 /* PBXContainerItemProxy */ = {
			isa = PBXContainerItemProxy;
			containerPortal = CE4228681BBAF05900863D42 /* Project object */;
			proxyType = 1;
			remoteGlobalIDString = CE42286F1BBAF05900863D42;
			remoteInfo = Flickr;
		};
/* End PBXContainerItemProxy section */

/* Begin PBXFileReference section */
		3F0CCC085E94E0F744146F1B /* Pods-Flickr.release.xcconfig */ = {isa = PBXFileReference; includeInIndex = 1; lastKnownFileType = text.xcconfig; name = "Pods-Flickr.release.xcconfig"; path = "Pods/Target Support Files/Pods-Flickr/Pods-Flickr.release.xcconfig"; sourceTree = "<group>"; };
		491F448ECF68A83812DC6DF2 /* Pods_Flickr.framework */ = {isa = PBXFileReference; explicitFileType = wrapper.framework; includeInIndex = 0; path = Pods_Flickr.framework; sourceTree = BUILT_PRODUCTS_DIR; };
		B25D04486396C9B80E7C05F7 /* Pods-Flickr.debug.xcconfig */ = {isa = PBXFileReference; includeInIndex = 1; lastKnownFileType = text.xcconfig; name = "Pods-Flickr.debug.xcconfig"; path = "Pods/Target Support Files/Pods-Flickr/Pods-Flickr.debug.xcconfig"; sourceTree = "<group>"; };
		B914BA861BE902D200D4740B /* SwiftyJSON.swift */ = {isa = PBXFileReference; fileEncoding = 4; lastKnownFileType = sourcecode.swift; name = SwiftyJSON.swift; path = Classes/SwiftyJSON.swift; sourceTree = "<group>"; };
		CE4228701BBAF05900863D42 /* Flickr.app */ = {isa = PBXFileReference; explicitFileType = wrapper.application; includeInIndex = 0; path = Flickr.app; sourceTree = BUILT_PRODUCTS_DIR; };
		CE4228731BBAF05900863D42 /* AppDelegate.swift */ = {isa = PBXFileReference; lastKnownFileType = sourcecode.swift; path = AppDelegate.swift; sourceTree = "<group>"; };
		CE4228751BBAF05900863D42 /* ViewController.swift */ = {isa = PBXFileReference; lastKnownFileType = sourcecode.swift; path = ViewController.swift; sourceTree = "<group>"; };
		CE4228781BBAF05900863D42 /* Base */ = {isa = PBXFileReference; lastKnownFileType = file.storyboard; name = Base; path = Base.lproj/Main.storyboard; sourceTree = "<group>"; };
		CE42287A1BBAF05900863D42 /* Assets.xcassets */ = {isa = PBXFileReference; lastKnownFileType = folder.assetcatalog; path = Assets.xcassets; sourceTree = "<group>"; };
		CE42287D1BBAF05900863D42 /* Base */ = {isa = PBXFileReference; lastKnownFileType = file.storyboard; name = Base; path = Base.lproj/LaunchScreen.storyboard; sourceTree = "<group>"; };
		CE42287F1BBAF05900863D42 /* Info.plist */ = {isa = PBXFileReference; lastKnownFileType = text.plist.xml; path = Info.plist; sourceTree = "<group>"; };
		CE4228841BBAF05900863D42 /* FlickrTests.xctest */ = {isa = PBXFileReference; explicitFileType = wrapper.cfbundle; includeInIndex = 0; path = FlickrTests.xctest; sourceTree = BUILT_PRODUCTS_DIR; };
		CE4228881BBAF05900863D42 /* FlickrTests.swift */ = {isa = PBXFileReference; lastKnownFileType = sourcecode.swift; path = FlickrTests.swift; sourceTree = "<group>"; };
		CE42288A1BBAF05900863D42 /* Info.plist */ = {isa = PBXFileReference; lastKnownFileType = text.plist.xml; path = Info.plist; sourceTree = "<group>"; };
		CE42288F1BBAF05900863D42 /* FlickrUITests.xctest */ = {isa = PBXFileReference; explicitFileType = wrapper.cfbundle; includeInIndex = 0; path = FlickrUITests.xctest; sourceTree = BUILT_PRODUCTS_DIR; };
		CE4228931BBAF05900863D42 /* FlickrUITests.swift */ = {isa = PBXFileReference; lastKnownFileType = sourcecode.swift; path = FlickrUITests.swift; sourceTree = "<group>"; };
		CE4228951BBAF05900863D42 /* Info.plist */ = {isa = PBXFileReference; lastKnownFileType = text.plist.xml; path = Info.plist; sourceTree = "<group>"; };
		CE4228A11BBAF07800863D42 /* ACAPI_WRAPPER.swift */ = {isa = PBXFileReference; fileEncoding = 4; lastKnownFileType = sourcecode.swift; name = ACAPI_WRAPPER.swift; path = ../ACAPI_WRAPPER.swift; sourceTree = "<group>"; };
		CE4228A31BBAFC5C00863D42 /* ACFlickrFeedViewController.swift */ = {isa = PBXFileReference; fileEncoding = 4; lastKnownFileType = sourcecode.swift; path = ACFlickrFeedViewController.swift; sourceTree = "<group>"; };
		CE4228A61BBB010100863D42 /* ACFlickrFeedCell.xib */ = {isa = PBXFileReference; fileEncoding = 4; lastKnownFileType = file.xib; path = ACFlickrFeedCell.xib; sourceTree = "<group>"; };
		CE4228A81BBB034E00863D42 /* ACFlickrFeedCell.swift */ = {isa = PBXFileReference; fileEncoding = 4; lastKnownFileType = sourcecode.swift; path = ACFlickrFeedCell.swift; sourceTree = "<group>"; };
		CE59A3781BE1144F00FE6AC6 /* ACPushWindow.swift */ = {isa = PBXFileReference; fileEncoding = 4; lastKnownFileType = sourcecode.swift; path = ACPushWindow.swift; sourceTree = "<group>"; };
		CE6B66CB1BC4568400699348 /* ACPostManager.swift */ = {isa = PBXFileReference; fileEncoding = 4; lastKnownFileType = sourcecode.swift; path = ACPostManager.swift; sourceTree = "<group>"; };
		CEB9A1361BD6C6CF00CE494D /* Flickr-Bridging-Header.h */ = {isa = PBXFileReference; fileEncoding = 4; lastKnownFileType = sourcecode.c.h; name = "Flickr-Bridging-Header.h"; path = "Flickr/Flickr-Bridging-Header.h"; sourceTree = "<group>"; };
		CED476901BCD762300D66FC7 /* ACPost.swift */ = {isa = PBXFileReference; fileEncoding = 4; lastKnownFileType = sourcecode.swift; path = ACPost.swift; sourceTree = "<group>"; };
		CED476981BD6B7E300D66FC7 /* NSData+ImageDetectors.h */ = {isa = PBXFileReference; fileEncoding = 4; lastKnownFileType = sourcecode.c.h; path = "NSData+ImageDetectors.h"; sourceTree = "<group>"; };
		CED476991BD6B7E300D66FC7 /* NSData+ImageDetectors.m */ = {isa = PBXFileReference; fileEncoding = 4; lastKnownFileType = sourcecode.c.objc; path = "NSData+ImageDetectors.m"; sourceTree = "<group>"; };
		CED4769A1BD6B7E300D66FC7 /* UIImage+DecodedImage.h */ = {isa = PBXFileReference; fileEncoding = 4; lastKnownFileType = sourcecode.c.h; path = "UIImage+DecodedImage.h"; sourceTree = "<group>"; };
		CED4769B1BD6B7E300D66FC7 /* UIImage+DecodedImage.m */ = {isa = PBXFileReference; fileEncoding = 4; lastKnownFileType = sourcecode.c.objc; path = "UIImage+DecodedImage.m"; sourceTree = "<group>"; };
		CED4769C1BD6B7E300D66FC7 /* UIImage+WebP.h */ = {isa = PBXFileReference; fileEncoding = 4; lastKnownFileType = sourcecode.c.h; path = "UIImage+WebP.h"; sourceTree = "<group>"; };
		CED4769D1BD6B7E300D66FC7 /* UIImage+WebP.m */ = {isa = PBXFileReference; fileEncoding = 4; lastKnownFileType = sourcecode.c.objc; path = "UIImage+WebP.m"; sourceTree = "<group>"; };
		CED4769F1BD6B7E300D66FC7 /* FLAnimatedImageView+PINRemoteImage.h */ = {isa = PBXFileReference; fileEncoding = 4; lastKnownFileType = sourcecode.c.h; path = "FLAnimatedImageView+PINRemoteImage.h"; sourceTree = "<group>"; };
		CED476A01BD6B7E300D66FC7 /* FLAnimatedImageView+PINRemoteImage.m */ = {isa = PBXFileReference; fileEncoding = 4; lastKnownFileType = sourcecode.c.objc; path = "FLAnimatedImageView+PINRemoteImage.m"; sourceTree = "<group>"; };
		CED476A11BD6B7E300D66FC7 /* UIButton+PINRemoteImage.h */ = {isa = PBXFileReference; fileEncoding = 4; lastKnownFileType = sourcecode.c.h; path = "UIButton+PINRemoteImage.h"; sourceTree = "<group>"; };
		CED476A21BD6B7E300D66FC7 /* UIButton+PINRemoteImage.m */ = {isa = PBXFileReference; fileEncoding = 4; lastKnownFileType = sourcecode.c.objc; path = "UIButton+PINRemoteImage.m"; sourceTree = "<group>"; };
		CED476A31BD6B7E300D66FC7 /* UIImageView+PINRemoteImage.h */ = {isa = PBXFileReference; fileEncoding = 4; lastKnownFileType = sourcecode.c.h; path = "UIImageView+PINRemoteImage.h"; sourceTree = "<group>"; };
		CED476A41BD6B7E300D66FC7 /* UIImageView+PINRemoteImage.m */ = {isa = PBXFileReference; fileEncoding = 4; lastKnownFileType = sourcecode.c.objc; path = "UIImageView+PINRemoteImage.m"; sourceTree = "<group>"; };
		CED476A51BD6B7E300D66FC7 /* PINDataTaskOperation.h */ = {isa = PBXFileReference; fileEncoding = 4; lastKnownFileType = sourcecode.c.h; path = PINDataTaskOperation.h; sourceTree = "<group>"; };
		CED476A61BD6B7E300D66FC7 /* PINDataTaskOperation.m */ = {isa = PBXFileReference; fileEncoding = 4; lastKnownFileType = sourcecode.c.objc; path = PINDataTaskOperation.m; sourceTree = "<group>"; };
		CED476A71BD6B7E300D66FC7 /* PINProgressiveImage.h */ = {isa = PBXFileReference; fileEncoding = 4; lastKnownFileType = sourcecode.c.h; path = PINProgressiveImage.h; sourceTree = "<group>"; };
		CED476A81BD6B7E300D66FC7 /* PINProgressiveImage.m */ = {isa = PBXFileReference; fileEncoding = 4; lastKnownFileType = sourcecode.c.objc; path = PINProgressiveImage.m; sourceTree = "<group>"; };
		CED476A91BD6B7E300D66FC7 /* PINRemoteImage.h */ = {isa = PBXFileReference; fileEncoding = 4; lastKnownFileType = sourcecode.c.h; path = PINRemoteImage.h; sourceTree = "<group>"; };
		CED476AA1BD6B7E300D66FC7 /* PINRemoteImageCallbacks.h */ = {isa = PBXFileReference; fileEncoding = 4; lastKnownFileType = sourcecode.c.h; path = PINRemoteImageCallbacks.h; sourceTree = "<group>"; };
		CED476AB1BD6B7E300D66FC7 /* PINRemoteImageCallbacks.m */ = {isa = PBXFileReference; fileEncoding = 4; lastKnownFileType = sourcecode.c.objc; path = PINRemoteImageCallbacks.m; sourceTree = "<group>"; };
		CED476AC1BD6B7E300D66FC7 /* PINRemoteImageCategoryManager.h */ = {isa = PBXFileReference; fileEncoding = 4; lastKnownFileType = sourcecode.c.h; path = PINRemoteImageCategoryManager.h; sourceTree = "<group>"; };
		CED476AD1BD6B7E300D66FC7 /* PINRemoteImageCategoryManager.m */ = {isa = PBXFileReference; fileEncoding = 4; lastKnownFileType = sourcecode.c.objc; path = PINRemoteImageCategoryManager.m; sourceTree = "<group>"; };
		CED476AE1BD6B7E300D66FC7 /* PINRemoteImageDownloadTask.h */ = {isa = PBXFileReference; fileEncoding = 4; lastKnownFileType = sourcecode.c.h; path = PINRemoteImageDownloadTask.h; sourceTree = "<group>"; };
		CED476AF1BD6B7E300D66FC7 /* PINRemoteImageDownloadTask.m */ = {isa = PBXFileReference; fileEncoding = 4; lastKnownFileType = sourcecode.c.objc; path = PINRemoteImageDownloadTask.m; sourceTree = "<group>"; };
		CED476B01BD6B7E300D66FC7 /* PINRemoteImageManager.h */ = {isa = PBXFileReference; fileEncoding = 4; lastKnownFileType = sourcecode.c.h; path = PINRemoteImageManager.h; sourceTree = "<group>"; };
		CED476B11BD6B7E300D66FC7 /* PINRemoteImageManager.m */ = {isa = PBXFileReference; fileEncoding = 4; lastKnownFileType = sourcecode.c.objc; path = PINRemoteImageManager.m; sourceTree = "<group>"; };
		CED476B21BD6B7E300D66FC7 /* PINRemoteImageManagerResult.h */ = {isa = PBXFileReference; fileEncoding = 4; lastKnownFileType = sourcecode.c.h; path = PINRemoteImageManagerResult.h; sourceTree = "<group>"; };
		CED476B31BD6B7E300D66FC7 /* PINRemoteImageManagerResult.m */ = {isa = PBXFileReference; fileEncoding = 4; lastKnownFileType = sourcecode.c.objc; path = PINRemoteImageManagerResult.m; sourceTree = "<group>"; };
		CED476B41BD6B7E300D66FC7 /* PINRemoteImageProcessorTask.h */ = {isa = PBXFileReference; fileEncoding = 4; lastKnownFileType = sourcecode.c.h; path = PINRemoteImageProcessorTask.h; sourceTree = "<group>"; };
		CED476B51BD6B7E300D66FC7 /* PINRemoteImageProcessorTask.m */ = {isa = PBXFileReference; fileEncoding = 4; lastKnownFileType = sourcecode.c.objc; path = PINRemoteImageProcessorTask.m; sourceTree = "<group>"; };
		CED476B61BD6B7E300D66FC7 /* PINRemoteImageTask.h */ = {isa = PBXFileReference; fileEncoding = 4; lastKnownFileType = sourcecode.c.h; path = PINRemoteImageTask.h; sourceTree = "<group>"; };
		CED476B71BD6B7E300D66FC7 /* PINRemoteImageTask.m */ = {isa = PBXFileReference; fileEncoding = 4; lastKnownFileType = sourcecode.c.objc; path = PINRemoteImageTask.m; sourceTree = "<group>"; };
		CED476B81BD6B7E300D66FC7 /* PINURLSessionManager.h */ = {isa = PBXFileReference; fileEncoding = 4; lastKnownFileType = sourcecode.c.h; path = PINURLSessionManager.h; sourceTree = "<group>"; };
		CED476B91BD6B7E300D66FC7 /* PINURLSessionManager.m */ = {isa = PBXFileReference; fileEncoding = 4; lastKnownFileType = sourcecode.c.objc; path = PINURLSessionManager.m; sourceTree = "<group>"; };
/* End PBXFileReference section */

/* Begin PBXFrameworksBuildPhase section */
		CE42286D1BBAF05900863D42 /* Frameworks */ = {
			isa = PBXFrameworksBuildPhase;
			buildActionMask = 2147483647;
			files = (
				9252B7F941BF8DD5A531093F /* Pods_Flickr.framework in Frameworks */,
			);
			runOnlyForDeploymentPostprocessing = 0;
		};
		CE4228811BBAF05900863D42 /* Frameworks */ = {
			isa = PBXFrameworksBuildPhase;
			buildActionMask = 2147483647;
			files = (
			);
			runOnlyForDeploymentPostprocessing = 0;
		};
		CE42288C1BBAF05900863D42 /* Frameworks */ = {
			isa = PBXFrameworksBuildPhase;
			buildActionMask = 2147483647;
			files = (
			);
			runOnlyForDeploymentPostprocessing = 0;
		};
/* End PBXFrameworksBuildPhase section */

/* Begin PBXGroup section */
		412DE3AA62082EC3DA0962E6 /* Pods */ = {
			isa = PBXGroup;
			children = (
				B25D04486396C9B80E7C05F7 /* Pods-Flickr.debug.xcconfig */,
				3F0CCC085E94E0F744146F1B /* Pods-Flickr.release.xcconfig */,
			);
			name = Pods;
			sourceTree = "<group>";
		};
		95E893C571FC58E78A151B73 /* Frameworks */ = {
			isa = PBXGroup;
			children = (
				491F448ECF68A83812DC6DF2 /* Pods_Flickr.framework */,
			);
			name = Frameworks;
			sourceTree = "<group>";
		};
		CE4228671BBAF05900863D42 = {
			isa = PBXGroup;
			children = (
				CEB9A1361BD6C6CF00CE494D /* Flickr-Bridging-Header.h */,
				CE4228721BBAF05900863D42 /* Flickr */,
				CE4228871BBAF05900863D42 /* FlickrTests */,
				CE4228921BBAF05900863D42 /* FlickrUITests */,
				CE4228711BBAF05900863D42 /* Products */,
				412DE3AA62082EC3DA0962E6 /* Pods */,
				95E893C571FC58E78A151B73 /* Frameworks */,
			);
			sourceTree = "<group>";
		};
		CE4228711BBAF05900863D42 /* Products */ = {
			isa = PBXGroup;
			children = (
				CE4228701BBAF05900863D42 /* Flickr.app */,
				CE4228841BBAF05900863D42 /* FlickrTests.xctest */,
				CE42288F1BBAF05900863D42 /* FlickrUITests.xctest */,
			);
			name = Products;
			sourceTree = "<group>";
		};
		CE4228721BBAF05900863D42 /* Flickr */ = {
			isa = PBXGroup;
			children = (
				CE59A37A1BE1145E00FE6AC6 /* ViewControllers */,
				CED476921BD6B76E00D66FC7 /* Libraries */,
				CED4768F1BCD760D00D66FC7 /* Data Model */,
				CE6B66CA1BC4566200699348 /* Managers */,
				CE6B66C91BC4564800699348 /* Server */,
				CE4228A51BBB00E500863D42 /* CustomViews */,
				CE4228731BBAF05900863D42 /* AppDelegate.swift */,
				CE4228771BBAF05900863D42 /* Main.storyboard */,
				CE42287A1BBAF05900863D42 /* Assets.xcassets */,
				CE42287C1BBAF05900863D42 /* LaunchScreen.storyboard */,
				CE42287F1BBAF05900863D42 /* Info.plist */,
			);
			path = Flickr;
			sourceTree = "<group>";
		};
		CE4228871BBAF05900863D42 /* FlickrTests */ = {
			isa = PBXGroup;
			children = (
				CE4228881BBAF05900863D42 /* FlickrTests.swift */,
				CE42288A1BBAF05900863D42 /* Info.plist */,
			);
			path = FlickrTests;
			sourceTree = "<group>";
		};
		CE4228921BBAF05900863D42 /* FlickrUITests */ = {
			isa = PBXGroup;
			children = (
				CE4228931BBAF05900863D42 /* FlickrUITests.swift */,
				CE4228951BBAF05900863D42 /* Info.plist */,
			);
			path = FlickrUITests;
			sourceTree = "<group>";
		};
		CE4228A51BBB00E500863D42 /* CustomViews */ = {
			isa = PBXGroup;
			children = (
				CE4228A61BBB010100863D42 /* ACFlickrFeedCell.xib */,
				CE4228A81BBB034E00863D42 /* ACFlickrFeedCell.swift */,
			);
			name = CustomViews;
			sourceTree = "<group>";
		};
		CE59A37A1BE1145E00FE6AC6 /* ViewControllers */ = {
			isa = PBXGroup;
			children = (
				CE59A3781BE1144F00FE6AC6 /* ACPushWindow.swift */,
				CE4228751BBAF05900863D42 /* ViewController.swift */,
				CE4228A31BBAFC5C00863D42 /* ACFlickrFeedViewController.swift */,
			);
			name = ViewControllers;
			sourceTree = "<group>";
		};
		CE6B66C91BC4564800699348 /* Server */ = {
			isa = PBXGroup;
			children = (
				CE4228A11BBAF07800863D42 /* ACAPI_WRAPPER.swift */,
			);
			name = Server;
			sourceTree = "<group>";
		};
		CE6B66CA1BC4566200699348 /* Managers */ = {
			isa = PBXGroup;
			children = (
				CE6B66CB1BC4568400699348 /* ACPostManager.swift */,
			);
			name = Managers;
			sourceTree = "<group>";
		};
		CED4768F1BCD760D00D66FC7 /* Data Model */ = {
			isa = PBXGroup;
			children = (
				CED476901BCD762300D66FC7 /* ACPost.swift */,
			);
			name = "Data Model";
			path = ..;
			sourceTree = "<group>";
		};
		CED476921BD6B76E00D66FC7 /* Libraries */ = {
			isa = PBXGroup;
			children = (
				B914BA861BE902D200D4740B /* SwiftyJSON.swift */,
				CED476951BD6B7E300D66FC7 /* Classes */,
			);
			name = Libraries;
			sourceTree = "<group>";
		};
		CED476951BD6B7E300D66FC7 /* Classes */ = {
			isa = PBXGroup;
			children = (
				CED476971BD6B7E300D66FC7 /* Categories */,
				CED4769E1BD6B7E300D66FC7 /* Image Categories */,
				CED476A51BD6B7E300D66FC7 /* PINDataTaskOperation.h */,
				CED476A61BD6B7E300D66FC7 /* PINDataTaskOperation.m */,
				CED476A71BD6B7E300D66FC7 /* PINProgressiveImage.h */,
				CED476A81BD6B7E300D66FC7 /* PINProgressiveImage.m */,
				CED476A91BD6B7E300D66FC7 /* PINRemoteImage.h */,
				CED476AA1BD6B7E300D66FC7 /* PINRemoteImageCallbacks.h */,
				CED476AB1BD6B7E300D66FC7 /* PINRemoteImageCallbacks.m */,
				CED476AC1BD6B7E300D66FC7 /* PINRemoteImageCategoryManager.h */,
				CED476AD1BD6B7E300D66FC7 /* PINRemoteImageCategoryManager.m */,
				CED476AE1BD6B7E300D66FC7 /* PINRemoteImageDownloadTask.h */,
				CED476AF1BD6B7E300D66FC7 /* PINRemoteImageDownloadTask.m */,
				CED476B01BD6B7E300D66FC7 /* PINRemoteImageManager.h */,
				CED476B11BD6B7E300D66FC7 /* PINRemoteImageManager.m */,
				CED476B21BD6B7E300D66FC7 /* PINRemoteImageManagerResult.h */,
				CED476B31BD6B7E300D66FC7 /* PINRemoteImageManagerResult.m */,
				CED476B41BD6B7E300D66FC7 /* PINRemoteImageProcessorTask.h */,
				CED476B51BD6B7E300D66FC7 /* PINRemoteImageProcessorTask.m */,
				CED476B61BD6B7E300D66FC7 /* PINRemoteImageTask.h */,
				CED476B71BD6B7E300D66FC7 /* PINRemoteImageTask.m */,
				CED476B81BD6B7E300D66FC7 /* PINURLSessionManager.h */,
				CED476B91BD6B7E300D66FC7 /* PINURLSessionManager.m */,
			);
			path = Classes;
			sourceTree = "<group>";
		};
		CED476971BD6B7E300D66FC7 /* Categories */ = {
			isa = PBXGroup;
			children = (
				CED476981BD6B7E300D66FC7 /* NSData+ImageDetectors.h */,
				CED476991BD6B7E300D66FC7 /* NSData+ImageDetectors.m */,
				CED4769A1BD6B7E300D66FC7 /* UIImage+DecodedImage.h */,
				CED4769B1BD6B7E300D66FC7 /* UIImage+DecodedImage.m */,
				CED4769C1BD6B7E300D66FC7 /* UIImage+WebP.h */,
				CED4769D1BD6B7E300D66FC7 /* UIImage+WebP.m */,
			);
			path = Categories;
			sourceTree = "<group>";
		};
		CED4769E1BD6B7E300D66FC7 /* Image Categories */ = {
			isa = PBXGroup;
			children = (
				CED4769F1BD6B7E300D66FC7 /* FLAnimatedImageView+PINRemoteImage.h */,
				CED476A01BD6B7E300D66FC7 /* FLAnimatedImageView+PINRemoteImage.m */,
				CED476A11BD6B7E300D66FC7 /* UIButton+PINRemoteImage.h */,
				CED476A21BD6B7E300D66FC7 /* UIButton+PINRemoteImage.m */,
				CED476A31BD6B7E300D66FC7 /* UIImageView+PINRemoteImage.h */,
				CED476A41BD6B7E300D66FC7 /* UIImageView+PINRemoteImage.m */,
			);
			path = "Image Categories";
			sourceTree = "<group>";
		};
/* End PBXGroup section */

/* Begin PBXNativeTarget section */
		CE42286F1BBAF05900863D42 /* Flickr */ = {
			isa = PBXNativeTarget;
			buildConfigurationList = CE4228981BBAF05900863D42 /* Build configuration list for PBXNativeTarget "Flickr" */;
			buildPhases = (
				F6035EF86A93F10CF734D61F /* Check Pods Manifest.lock */,
				CE42286C1BBAF05900863D42 /* Sources */,
				CE42286D1BBAF05900863D42 /* Frameworks */,
				CE42286E1BBAF05900863D42 /* Resources */,
				18180812B40C1AA60C7593DD /* Embed Pods Frameworks */,
				F9B8B1CC361B4F32462FFB18 /* Copy Pods Resources */,
			);
			buildRules = (
			);
			dependencies = (
			);
			name = Flickr;
			productName = Flickr;
			productReference = CE4228701BBAF05900863D42 /* Flickr.app */;
			productType = "com.apple.product-type.application";
		};
		CE4228831BBAF05900863D42 /* FlickrTests */ = {
			isa = PBXNativeTarget;
			buildConfigurationList = CE42289B1BBAF05900863D42 /* Build configuration list for PBXNativeTarget "FlickrTests" */;
			buildPhases = (
				CE4228801BBAF05900863D42 /* Sources */,
				CE4228811BBAF05900863D42 /* Frameworks */,
				CE4228821BBAF05900863D42 /* Resources */,
			);
			buildRules = (
			);
			dependencies = (
				CE4228861BBAF05900863D42 /* PBXTargetDependency */,
			);
			name = FlickrTests;
			productName = FlickrTests;
			productReference = CE4228841BBAF05900863D42 /* FlickrTests.xctest */;
			productType = "com.apple.product-type.bundle.unit-test";
		};
		CE42288E1BBAF05900863D42 /* FlickrUITests */ = {
			isa = PBXNativeTarget;
			buildConfigurationList = CE42289E1BBAF05900863D42 /* Build configuration list for PBXNativeTarget "FlickrUITests" */;
			buildPhases = (
				CE42288B1BBAF05900863D42 /* Sources */,
				CE42288C1BBAF05900863D42 /* Frameworks */,
				CE42288D1BBAF05900863D42 /* Resources */,
			);
			buildRules = (
			);
			dependencies = (
				CE4228911BBAF05900863D42 /* PBXTargetDependency */,
			);
			name = FlickrUITests;
			productName = FlickrUITests;
			productReference = CE42288F1BBAF05900863D42 /* FlickrUITests.xctest */;
			productType = "com.apple.product-type.bundle.ui-testing";
		};
/* End PBXNativeTarget section */

/* Begin PBXProject section */
		CE4228681BBAF05900863D42 /* Project object */ = {
			isa = PBXProject;
			attributes = {
				LastUpgradeCheck = 0700;
				ORGANIZATIONNAME = qswitch;
				TargetAttributes = {
					CE42286F1BBAF05900863D42 = {
						CreatedOnToolsVersion = 7.0;
						DevelopmentTeam = YS6F34X3QN;
					};
					CE4228831BBAF05900863D42 = {
						CreatedOnToolsVersion = 7.0;
						DevelopmentTeam = YS6F34X3QN;
						TestTargetID = CE42286F1BBAF05900863D42;
					};
					CE42288E1BBAF05900863D42 = {
						CreatedOnToolsVersion = 7.0;
						DevelopmentTeam = YS6F34X3QN;
						TestTargetID = CE42286F1BBAF05900863D42;
					};
				};
			};
			buildConfigurationList = CE42286B1BBAF05900863D42 /* Build configuration list for PBXProject "Flickr" */;
			compatibilityVersion = "Xcode 3.2";
			developmentRegion = English;
			hasScannedForEncodings = 0;
			knownRegions = (
				en,
				Base,
			);
			mainGroup = CE4228671BBAF05900863D42;
			productRefGroup = CE4228711BBAF05900863D42 /* Products */;
			projectDirPath = "";
			projectRoot = "";
			targets = (
				CE42286F1BBAF05900863D42 /* Flickr */,
				CE4228831BBAF05900863D42 /* FlickrTests */,
				CE42288E1BBAF05900863D42 /* FlickrUITests */,
			);
		};
/* End PBXProject section */

/* Begin PBXResourcesBuildPhase section */
		CE42286E1BBAF05900863D42 /* Resources */ = {
			isa = PBXResourcesBuildPhase;
			buildActionMask = 2147483647;
			files = (
				CE42287E1BBAF05900863D42 /* LaunchScreen.storyboard in Resources */,
				CE4228A71BBB010100863D42 /* ACFlickrFeedCell.xib in Resources */,
				CE42287B1BBAF05900863D42 /* Assets.xcassets in Resources */,
				CE4228791BBAF05900863D42 /* Main.storyboard in Resources */,
			);
			runOnlyForDeploymentPostprocessing = 0;
		};
		CE4228821BBAF05900863D42 /* Resources */ = {
			isa = PBXResourcesBuildPhase;
			buildActionMask = 2147483647;
			files = (
			);
			runOnlyForDeploymentPostprocessing = 0;
		};
		CE42288D1BBAF05900863D42 /* Resources */ = {
			isa = PBXResourcesBuildPhase;
			buildActionMask = 2147483647;
			files = (
			);
			runOnlyForDeploymentPostprocessing = 0;
		};
/* End PBXResourcesBuildPhase section */

/* Begin PBXShellScriptBuildPhase section */
		18180812B40C1AA60C7593DD /* Embed Pods Frameworks */ = {
			isa = PBXShellScriptBuildPhase;
			buildActionMask = 2147483647;
			files = (
			);
			inputPaths = (
			);
			name = "Embed Pods Frameworks";
			outputPaths = (
			);
			runOnlyForDeploymentPostprocessing = 0;
			shellPath = /bin/sh;
			shellScript = "\"${SRCROOT}/Pods/Target Support Files/Pods-Flickr/Pods-Flickr-frameworks.sh\"\n";
			showEnvVarsInLog = 0;
		};
		F6035EF86A93F10CF734D61F /* Check Pods Manifest.lock */ = {
			isa = PBXShellScriptBuildPhase;
			buildActionMask = 2147483647;
			files = (
			);
			inputPaths = (
			);
			name = "Check Pods Manifest.lock";
			outputPaths = (
			);
			runOnlyForDeploymentPostprocessing = 0;
			shellPath = /bin/sh;
			shellScript = "diff \"${PODS_ROOT}/../Podfile.lock\" \"${PODS_ROOT}/Manifest.lock\" > /dev/null\nif [[ $? != 0 ]] ; then\n    cat << EOM\nerror: The sandbox is not in sync with the Podfile.lock. Run 'pod install' or update your CocoaPods installation.\nEOM\n    exit 1\nfi\n";
			showEnvVarsInLog = 0;
		};
		F9B8B1CC361B4F32462FFB18 /* Copy Pods Resources */ = {
			isa = PBXShellScriptBuildPhase;
			buildActionMask = 2147483647;
			files = (
			);
			inputPaths = (
			);
			name = "Copy Pods Resources";
			outputPaths = (
			);
			runOnlyForDeploymentPostprocessing = 0;
			shellPath = /bin/sh;
			shellScript = "\"${SRCROOT}/Pods/Target Support Files/Pods-Flickr/Pods-Flickr-resources.sh\"\n";
			showEnvVarsInLog = 0;
		};
/* End PBXShellScriptBuildPhase section */

/* Begin PBXSourcesBuildPhase section */
		CE42286C1BBAF05900863D42 /* Sources */ = {
			isa = PBXSourcesBuildPhase;
			buildActionMask = 2147483647;
			files = (
				CE4228761BBAF05900863D42 /* ViewController.swift in Sources */,
				CED476911BCD762300D66FC7 /* ACPost.swift in Sources */,
				CE4228741BBAF05900863D42 /* AppDelegate.swift in Sources */,
				CED476C21BD6B7E300D66FC7 /* PINProgressiveImage.m in Sources */,
				CE6B66CC1BC4568400699348 /* ACPostManager.swift in Sources */,
				CED476BB1BD6B7E300D66FC7 /* NSData+ImageDetectors.m in Sources */,
				CE4228A41BBAFC5C00863D42 /* ACFlickrFeedViewController.swift in Sources */,
				CED476C11BD6B7E300D66FC7 /* PINDataTaskOperation.m in Sources */,
				CED476BC1BD6B7E300D66FC7 /* UIImage+DecodedImage.m in Sources */,
				CED476BF1BD6B7E300D66FC7 /* UIButton+PINRemoteImage.m in Sources */,
				CED476C31BD6B7E300D66FC7 /* PINRemoteImageCallbacks.m in Sources */,
				CED476C61BD6B7E300D66FC7 /* PINRemoteImageManager.m in Sources */,
				CE4228A21BBAF07800863D42 /* ACAPI_WRAPPER.swift in Sources */,
				CE4228A91BBB034E00863D42 /* ACFlickrFeedCell.swift in Sources */,
				CED476C71BD6B7E300D66FC7 /* PINRemoteImageManagerResult.m in Sources */,
				CED476BD1BD6B7E300D66FC7 /* UIImage+WebP.m in Sources */,
				CED476C81BD6B7E300D66FC7 /* PINRemoteImageProcessorTask.m in Sources */,
				CED476CA1BD6B7E300D66FC7 /* PINURLSessionManager.m in Sources */,
				B914BA871BE902D200D4740B /* SwiftyJSON.swift in Sources */,
				CED476C01BD6B7E300D66FC7 /* UIImageView+PINRemoteImage.m in Sources */,
				CE59A3791BE1144F00FE6AC6 /* ACPushWindow.swift in Sources */,
				CED476C51BD6B7E300D66FC7 /* PINRemoteImageDownloadTask.m in Sources */,
				CED476BE1BD6B7E300D66FC7 /* FLAnimatedImageView+PINRemoteImage.m in Sources */,
				CED476C91BD6B7E300D66FC7 /* PINRemoteImageTask.m in Sources */,
				CED476C41BD6B7E300D66FC7 /* PINRemoteImageCategoryManager.m in Sources */,
			);
			runOnlyForDeploymentPostprocessing = 0;
		};
		CE4228801BBAF05900863D42 /* Sources */ = {
			isa = PBXSourcesBuildPhase;
			buildActionMask = 2147483647;
			files = (
				CE4228891BBAF05900863D42 /* FlickrTests.swift in Sources */,
			);
			runOnlyForDeploymentPostprocessing = 0;
		};
		CE42288B1BBAF05900863D42 /* Sources */ = {
			isa = PBXSourcesBuildPhase;
			buildActionMask = 2147483647;
			files = (
				CE4228941BBAF05900863D42 /* FlickrUITests.swift in Sources */,
			);
			runOnlyForDeploymentPostprocessing = 0;
		};
/* End PBXSourcesBuildPhase section */

/* Begin PBXTargetDependency section */
		CE4228861BBAF05900863D42 /* PBXTargetDependency */ = {
			isa = PBXTargetDependency;
			target = CE42286F1BBAF05900863D42 /* Flickr */;
			targetProxy = CE4228851BBAF05900863D42 /* PBXContainerItemProxy */;
		};
		CE4228911BBAF05900863D42 /* PBXTargetDependency */ = {
			isa = PBXTargetDependency;
			target = CE42286F1BBAF05900863D42 /* Flickr */;
			targetProxy = CE4228901BBAF05900863D42 /* PBXContainerItemProxy */;
		};
/* End PBXTargetDependency section */

/* Begin PBXVariantGroup section */
		CE4228771BBAF05900863D42 /* Main.storyboard */ = {
			isa = PBXVariantGroup;
			children = (
				CE4228781BBAF05900863D42 /* Base */,
			);
			name = Main.storyboard;
			sourceTree = "<group>";
		};
		CE42287C1BBAF05900863D42 /* LaunchScreen.storyboard */ = {
			isa = PBXVariantGroup;
			children = (
				CE42287D1BBAF05900863D42 /* Base */,
			);
			name = LaunchScreen.storyboard;
			sourceTree = "<group>";
		};
/* End PBXVariantGroup section */

/* Begin XCBuildConfiguration section */
		CE4228961BBAF05900863D42 /* Debug */ = {
			isa = XCBuildConfiguration;
			buildSettings = {
				ALWAYS_SEARCH_USER_PATHS = NO;
				CLANG_CXX_LANGUAGE_STANDARD = "gnu++0x";
				CLANG_CXX_LIBRARY = "libc++";
				CLANG_ENABLE_MODULES = YES;
				CLANG_ENABLE_OBJC_ARC = YES;
				CLANG_WARN_BOOL_CONVERSION = YES;
				CLANG_WARN_CONSTANT_CONVERSION = YES;
				CLANG_WARN_DIRECT_OBJC_ISA_USAGE = YES_ERROR;
				CLANG_WARN_EMPTY_BODY = YES;
				CLANG_WARN_ENUM_CONVERSION = YES;
				CLANG_WARN_INT_CONVERSION = YES;
				CLANG_WARN_OBJC_ROOT_CLASS = YES_ERROR;
				CLANG_WARN_UNREACHABLE_CODE = YES;
				CLANG_WARN__DUPLICATE_METHOD_MATCH = YES;
				"CODE_SIGN_IDENTITY[sdk=iphoneos*]" = "iPhone Developer";
				COPY_PHASE_STRIP = NO;
				DEBUG_INFORMATION_FORMAT = dwarf;
				ENABLE_STRICT_OBJC_MSGSEND = YES;
				ENABLE_TESTABILITY = YES;
				GCC_C_LANGUAGE_STANDARD = gnu99;
				GCC_DYNAMIC_NO_PIC = NO;
				GCC_NO_COMMON_BLOCKS = YES;
				GCC_OPTIMIZATION_LEVEL = 0;
				GCC_PREPROCESSOR_DEFINITIONS = (
					"DEBUG=1",
					"$(inherited)",
				);
				GCC_WARN_64_TO_32_BIT_CONVERSION = YES;
				GCC_WARN_ABOUT_RETURN_TYPE = YES_ERROR;
				GCC_WARN_UNDECLARED_SELECTOR = YES;
				GCC_WARN_UNINITIALIZED_AUTOS = YES_AGGRESSIVE;
				GCC_WARN_UNUSED_FUNCTION = YES;
				GCC_WARN_UNUSED_VARIABLE = YES;
				IPHONEOS_DEPLOYMENT_TARGET = 9.0;
				MTL_ENABLE_DEBUG_INFO = YES;
				ONLY_ACTIVE_ARCH = YES;
				SDKROOT = iphoneos;
				SWIFT_OPTIMIZATION_LEVEL = "-Onone";
			};
			name = Debug;
		};
		CE4228971BBAF05900863D42 /* Release */ = {
			isa = XCBuildConfiguration;
			buildSettings = {
				ALWAYS_SEARCH_USER_PATHS = NO;
				CLANG_CXX_LANGUAGE_STANDARD = "gnu++0x";
				CLANG_CXX_LIBRARY = "libc++";
				CLANG_ENABLE_MODULES = YES;
				CLANG_ENABLE_OBJC_ARC = YES;
				CLANG_WARN_BOOL_CONVERSION = YES;
				CLANG_WARN_CONSTANT_CONVERSION = YES;
				CLANG_WARN_DIRECT_OBJC_ISA_USAGE = YES_ERROR;
				CLANG_WARN_EMPTY_BODY = YES;
				CLANG_WARN_ENUM_CONVERSION = YES;
				CLANG_WARN_INT_CONVERSION = YES;
				CLANG_WARN_OBJC_ROOT_CLASS = YES_ERROR;
				CLANG_WARN_UNREACHABLE_CODE = YES;
				CLANG_WARN__DUPLICATE_METHOD_MATCH = YES;
				"CODE_SIGN_IDENTITY[sdk=iphoneos*]" = "iPhone Developer";
				COPY_PHASE_STRIP = NO;
				DEBUG_INFORMATION_FORMAT = "dwarf-with-dsym";
				ENABLE_NS_ASSERTIONS = NO;
				ENABLE_STRICT_OBJC_MSGSEND = YES;
				GCC_C_LANGUAGE_STANDARD = gnu99;
				GCC_NO_COMMON_BLOCKS = YES;
				GCC_WARN_64_TO_32_BIT_CONVERSION = YES;
				GCC_WARN_ABOUT_RETURN_TYPE = YES_ERROR;
				GCC_WARN_UNDECLARED_SELECTOR = YES;
				GCC_WARN_UNINITIALIZED_AUTOS = YES_AGGRESSIVE;
				GCC_WARN_UNUSED_FUNCTION = YES;
				GCC_WARN_UNUSED_VARIABLE = YES;
				IPHONEOS_DEPLOYMENT_TARGET = 9.0;
				MTL_ENABLE_DEBUG_INFO = NO;
				SDKROOT = iphoneos;
				VALIDATE_PRODUCT = YES;
			};
			name = Release;
		};
		CE4228991BBAF05900863D42 /* Debug */ = {
			isa = XCBuildConfiguration;
			baseConfigurationReference = B25D04486396C9B80E7C05F7 /* Pods-Flickr.debug.xcconfig */;
			buildSettings = {
				ASSETCATALOG_COMPILER_APPICON_NAME = AppIcon;
				INFOPLIST_FILE = Flickr/Info.plist;
				LD_RUNPATH_SEARCH_PATHS = "$(inherited) @executable_path/Frameworks";
				PRODUCT_BUNDLE_IDENTIFIER = qswitch.Flickr;
				PRODUCT_NAME = "$(TARGET_NAME)";
				SWIFT_OBJC_BRIDGING_HEADER = "Flickr/Flickr-Bridging-Header.h";
			};
			name = Debug;
		};
		CE42289A1BBAF05900863D42 /* Release */ = {
			isa = XCBuildConfiguration;
			baseConfigurationReference = 3F0CCC085E94E0F744146F1B /* Pods-Flickr.release.xcconfig */;
			buildSettings = {
				ASSETCATALOG_COMPILER_APPICON_NAME = AppIcon;
				INFOPLIST_FILE = Flickr/Info.plist;
				LD_RUNPATH_SEARCH_PATHS = "$(inherited) @executable_path/Frameworks";
				PRODUCT_BUNDLE_IDENTIFIER = qswitch.Flickr;
				PRODUCT_NAME = "$(TARGET_NAME)";
				SWIFT_OBJC_BRIDGING_HEADER = "Flickr/Flickr-Bridging-Header.h";
			};
			name = Release;
		};
		CE42289C1BBAF05900863D42 /* Debug */ = {
			isa = XCBuildConfiguration;
			buildSettings = {
				BUNDLE_LOADER = "$(TEST_HOST)";
				INFOPLIST_FILE = FlickrTests/Info.plist;
				LD_RUNPATH_SEARCH_PATHS = "$(inherited) @executable_path/Frameworks @loader_path/Frameworks";
				PRODUCT_BUNDLE_IDENTIFIER = qswitch.FlickrTests;
				PRODUCT_NAME = "$(TARGET_NAME)";
				TEST_HOST = "$(BUILT_PRODUCTS_DIR)/Flickr.app/Flickr";
			};
			name = Debug;
		};
		CE42289D1BBAF05900863D42 /* Release */ = {
			isa = XCBuildConfiguration;
			buildSettings = {
				BUNDLE_LOADER = "$(TEST_HOST)";
				INFOPLIST_FILE = FlickrTests/Info.plist;
				LD_RUNPATH_SEARCH_PATHS = "$(inherited) @executable_path/Frameworks @loader_path/Frameworks";
				PRODUCT_BUNDLE_IDENTIFIER = qswitch.FlickrTests;
				PRODUCT_NAME = "$(TARGET_NAME)";
				TEST_HOST = "$(BUILT_PRODUCTS_DIR)/Flickr.app/Flickr";
			};
			name = Release;
		};
		CE42289F1BBAF05900863D42 /* Debug */ = {
			isa = XCBuildConfiguration;
			buildSettings = {
				INFOPLIST_FILE = FlickrUITests/Info.plist;
				LD_RUNPATH_SEARCH_PATHS = "$(inherited) @executable_path/Frameworks @loader_path/Frameworks";
				PRODUCT_BUNDLE_IDENTIFIER = qswitch.FlickrUITests;
				PRODUCT_NAME = "$(TARGET_NAME)";
				TEST_TARGET_NAME = Flickr;
				USES_XCTRUNNER = YES;
			};
			name = Debug;
		};
		CE4228A01BBAF05900863D42 /* Release */ = {
			isa = XCBuildConfiguration;
			buildSettings = {
				INFOPLIST_FILE = FlickrUITests/Info.plist;
				LD_RUNPATH_SEARCH_PATHS = "$(inherited) @executable_path/Frameworks @loader_path/Frameworks";
				PRODUCT_BUNDLE_IDENTIFIER = qswitch.FlickrUITests;
				PRODUCT_NAME = "$(TARGET_NAME)";
				TEST_TARGET_NAME = Flickr;
				USES_XCTRUNNER = YES;
			};
			name = Release;
		};
/* End XCBuildConfiguration section */

/* Begin XCConfigurationList section */
		CE42286B1BBAF05900863D42 /* Build configuration list for PBXProject "Flickr" */ = {
			isa = XCConfigurationList;
			buildConfigurations = (
				CE4228961BBAF05900863D42 /* Debug */,
				CE4228971BBAF05900863D42 /* Release */,
			);
			defaultConfigurationIsVisible = 0;
			defaultConfigurationName = Release;
		};
		CE4228981BBAF05900863D42 /* Build configuration list for PBXNativeTarget "Flickr" */ = {
			isa = XCConfigurationList;
			buildConfigurations = (
				CE4228991BBAF05900863D42 /* Debug */,
				CE42289A1BBAF05900863D42 /* Release */,
			);
			defaultConfigurationIsVisible = 0;
			defaultConfigurationName = Release;
		};
		CE42289B1BBAF05900863D42 /* Build configuration list for PBXNativeTarget "FlickrTests" */ = {
			isa = XCConfigurationList;
			buildConfigurations = (
				CE42289C1BBAF05900863D42 /* Debug */,
				CE42289D1BBAF05900863D42 /* Release */,
			);
			defaultConfigurationIsVisible = 0;
			defaultConfigurationName = Release;
		};
		CE42289E1BBAF05900863D42 /* Build configuration list for PBXNativeTarget "FlickrUITests" */ = {
			isa = XCConfigurationList;
			buildConfigurations = (
				CE42289F1BBAF05900863D42 /* Debug */,
				CE4228A01BBAF05900863D42 /* Release */,
			);
			defaultConfigurationIsVisible = 0;
			defaultConfigurationName = Release;
		};
/* End XCConfigurationList section */
	};
	rootObject = CE4228681BBAF05900863D42 /* Project object */;
}
